// !$*UTF8*$!
{
	archiveVersion = 1;
	classes = {
	};
	objectVersion = 56;
	objects = {

/* Begin PBXBuildFile section */
		99162A132B964D0A000D1648 /* voiceAction101App.swift in Sources */ = {isa = PBXBuildFile; fileRef = 99162A122B964D0A000D1648 /* voiceAction101App.swift */; };
		99162A152B964D0A000D1648 /* ContentView.swift in Sources */ = {isa = PBXBuildFile; fileRef = 99162A142B964D0A000D1648 /* ContentView.swift */; };
		99162A172B964D0E000D1648 /* Assets.xcassets in Resources */ = {isa = PBXBuildFile; fileRef = 99162A162B964D0E000D1648 /* Assets.xcassets */; };
		99162A1A2B964D0E000D1648 /* Preview Assets.xcassets in Resources */ = {isa = PBXBuildFile; fileRef = 99162A192B964D0E000D1648 /* Preview Assets.xcassets */; };
		99162A212B964D71000D1648 /* CharacterWorksheetPartOne.swift in Sources */ = {isa = PBXBuildFile; fileRef = 99162A202B964D71000D1648 /* CharacterWorksheetPartOne.swift */; };
		992667742BACB0EE00250F52 /* Miyoshi -Demo.ttf in Resources */ = {isa = PBXBuildFile; fileRef = 992667732BACB0EE00250F52 /* Miyoshi -Demo.ttf */; };
		992667772BACB18600250F52 /* fFireBlast.ttf in Resources */ = {isa = PBXBuildFile; fileRef = 992667762BACB18600250F52 /* fFireBlast.ttf */; };
		9940B4072BA4B07200091640 /* EquipmentView.swift in Sources */ = {isa = PBXBuildFile; fileRef = 9940B4062BA4B07200091640 /* EquipmentView.swift */; };
		9940B4092BA4B4C300091640 /* VocalExcercises.swift in Sources */ = {isa = PBXBuildFile; fileRef = 9940B4082BA4B4C300091640 /* VocalExcercises.swift */; };
		99437ED22B9B89D6002C25CD /* HelpfulTips.swift in Sources */ = {isa = PBXBuildFile; fileRef = 99437ED12B9B89D6002C25CD /* HelpfulTips.swift */; };
		99E304BD2B9F6B5500952EA6 /* FaQView.swift in Sources */ = {isa = PBXBuildFile; fileRef = 99E304BC2B9F6B5500952EA6 /* FaQView.swift */; };
/* End PBXBuildFile section */

/* Begin PBXFileReference section */
		99162A0F2B964D0A000D1648 /* voiceAction101.app */ = {isa = PBXFileReference; explicitFileType = wrapper.application; includeInIndex = 0; path = voiceAction101.app; sourceTree = BUILT_PRODUCTS_DIR; };
		99162A122B964D0A000D1648 /* voiceAction101App.swift */ = {isa = PBXFileReference; lastKnownFileType = sourcecode.swift; path = voiceAction101App.swift; sourceTree = "<group>"; };
		99162A142B964D0A000D1648 /* ContentView.swift */ = {isa = PBXFileReference; lastKnownFileType = sourcecode.swift; path = ContentView.swift; sourceTree = "<group>"; };
		99162A162B964D0E000D1648 /* Assets.xcassets */ = {isa = PBXFileReference; lastKnownFileType = folder.assetcatalog; path = Assets.xcassets; sourceTree = "<group>"; };
		99162A192B964D0E000D1648 /* Preview Assets.xcassets */ = {isa = PBXFileReference; lastKnownFileType = folder.assetcatalog; path = "Preview Assets.xcassets"; sourceTree = "<group>"; };
		99162A202B964D71000D1648 /* CharacterWorksheetPartOne.swift */ = {isa = PBXFileReference; lastKnownFileType = sourcecode.swift; path = CharacterWorksheetPartOne.swift; sourceTree = "<group>"; };
		992667732BACB0EE00250F52 /* Miyoshi -Demo.ttf */ = {isa = PBXFileReference; lastKnownFileType = file; path = "Miyoshi -Demo.ttf"; sourceTree = "<group>"; };
		992667752BACB0FC00250F52 /* Info.plist */ = {isa = PBXFileReference; lastKnownFileType = text.plist; path = Info.plist; sourceTree = "<group>"; };
		992667762BACB18600250F52 /* fFireBlast.ttf */ = {isa = PBXFileReference; lastKnownFileType = file; path = fFireBlast.ttf; sourceTree = "<group>"; };
		9940B4062BA4B07200091640 /* EquipmentView.swift */ = {isa = PBXFileReference; lastKnownFileType = sourcecode.swift; path = EquipmentView.swift; sourceTree = "<group>"; };
		9940B4082BA4B4C300091640 /* VocalExcercises.swift */ = {isa = PBXFileReference; lastKnownFileType = sourcecode.swift; path = VocalExcercises.swift; sourceTree = "<group>"; };
		99437ED12B9B89D6002C25CD /* HelpfulTips.swift */ = {isa = PBXFileReference; lastKnownFileType = sourcecode.swift; path = HelpfulTips.swift; sourceTree = "<group>"; };
		99E304BC2B9F6B5500952EA6 /* FaQView.swift */ = {isa = PBXFileReference; lastKnownFileType = sourcecode.swift; path = FaQView.swift; sourceTree = "<group>"; };
/* End PBXFileReference section */

/* Begin PBXFrameworksBuildPhase section */
		99162A0C2B964D0A000D1648 /* Frameworks */ = {
			isa = PBXFrameworksBuildPhase;
			buildActionMask = 2147483647;
			files = (
			);
			runOnlyForDeploymentPostprocessing = 0;
		};
/* End PBXFrameworksBuildPhase section */

/* Begin PBXGroup section */
		99162A062B964D0A000D1648 = {
			isa = PBXGroup;
			children = (
				99162A112B964D0A000D1648 /* voiceAction101 */,
				99162A102B964D0A000D1648 /* Products */,
			);
			sourceTree = "<group>";
		};
		99162A102B964D0A000D1648 /* Products */ = {
			isa = PBXGroup;
			children = (
				99162A0F2B964D0A000D1648 /* voiceAction101.app */,
			);
			name = Products;
			sourceTree = "<group>";
		};
		99162A112B964D0A000D1648 /* voiceAction101 */ = {
			isa = PBXGroup;
			children = (
				992667752BACB0FC00250F52 /* Info.plist */,
				99162A122B964D0A000D1648 /* voiceAction101App.swift */,
				99162A142B964D0A000D1648 /* ContentView.swift */,
				9940B4082BA4B4C300091640 /* VocalExcercises.swift */,
				99E304BC2B9F6B5500952EA6 /* FaQView.swift */,
				99437ED12B9B89D6002C25CD /* HelpfulTips.swift */,
				9940B4062BA4B07200091640 /* EquipmentView.swift */,
				99162A202B964D71000D1648 /* CharacterWorksheetPartOne.swift */,
				992667762BACB18600250F52 /* fFireBlast.ttf */,
				992667732BACB0EE00250F52 /* Miyoshi -Demo.ttf */,
				99162A162B964D0E000D1648 /* Assets.xcassets */,
				99162A182B964D0E000D1648 /* Preview Content */,
			);
			path = voiceAction101;
			sourceTree = "<group>";
		};
		99162A182B964D0E000D1648 /* Preview Content */ = {
			isa = PBXGroup;
			children = (
				99162A192B964D0E000D1648 /* Preview Assets.xcassets */,
			);
			path = "Preview Content";
			sourceTree = "<group>";
		};
/* End PBXGroup section */

/* Begin PBXNativeTarget section */
		99162A0E2B964D0A000D1648 /* voiceAction101 */ = {
			isa = PBXNativeTarget;
			buildConfigurationList = 99162A1D2B964D0E000D1648 /* Build configuration list for PBXNativeTarget "voiceAction101" */;
			buildPhases = (
				99162A0B2B964D0A000D1648 /* Sources */,
				99162A0C2B964D0A000D1648 /* Frameworks */,
				99162A0D2B964D0A000D1648 /* Resources */,
			);
			buildRules = (
			);
			dependencies = (
			);
			name = voiceAction101;
			productName = voiceAction101;
			productReference = 99162A0F2B964D0A000D1648 /* voiceAction101.app */;
			productType = "com.apple.product-type.application";
		};
/* End PBXNativeTarget section */

/* Begin PBXProject section */
		99162A072B964D0A000D1648 /* Project object */ = {
			isa = PBXProject;
			attributes = {
				BuildIndependentTargetsInParallel = 1;
				LastSwiftUpdateCheck = 1520;
				LastUpgradeCheck = 1520;
				TargetAttributes = {
					99162A0E2B964D0A000D1648 = {
						CreatedOnToolsVersion = 15.2;
					};
				};
			};
			buildConfigurationList = 99162A0A2B964D0A000D1648 /* Build configuration list for PBXProject "voiceAction101" */;
			compatibilityVersion = "Xcode 14.0";
			developmentRegion = en;
			hasScannedForEncodings = 0;
			knownRegions = (
				en,
				Base,
			);
			mainGroup = 99162A062B964D0A000D1648;
			productRefGroup = 99162A102B964D0A000D1648 /* Products */;
			projectDirPath = "";
			projectRoot = "";
			targets = (
				99162A0E2B964D0A000D1648 /* voiceAction101 */,
			);
		};
/* End PBXProject section */

/* Begin PBXResourcesBuildPhase section */
		99162A0D2B964D0A000D1648 /* Resources */ = {
			isa = PBXResourcesBuildPhase;
			buildActionMask = 2147483647;
			files = (
				992667772BACB18600250F52 /* fFireBlast.ttf in Resources */,
				99162A1A2B964D0E000D1648 /* Preview Assets.xcassets in Resources */,
				992667742BACB0EE00250F52 /* Miyoshi -Demo.ttf in Resources */,
				99162A172B964D0E000D1648 /* Assets.xcassets in Resources */,
			);
			runOnlyForDeploymentPostprocessing = 0;
		};
/* End PBXResourcesBuildPhase section */

/* Begin PBXSourcesBuildPhase section */
		99162A0B2B964D0A000D1648 /* Sources */ = {
			isa = PBXSourcesBuildPhase;
			buildActionMask = 2147483647;
			files = (
				99437ED22B9B89D6002C25CD /* HelpfulTips.swift in Sources */,
				99E304BD2B9F6B5500952EA6 /* FaQView.swift in Sources */,
				99162A212B964D71000D1648 /* CharacterWorksheetPartOne.swift in Sources */,
				9940B4092BA4B4C300091640 /* VocalExcercises.swift in Sources */,
				9940B4072BA4B07200091640 /* EquipmentView.swift in Sources */,
				99162A152B964D0A000D1648 /* ContentView.swift in Sources */,
				99162A132B964D0A000D1648 /* voiceAction101App.swift in Sources */,
			);
			runOnlyForDeploymentPostprocessing = 0;
		};
/* End PBXSourcesBuildPhase section */

/* Begin XCBuildConfiguration section */
		99162A1B2B964D0E000D1648 /* Debug */ = {
			isa = XCBuildConfiguration;
			buildSettings = {
				ALWAYS_SEARCH_USER_PATHS = NO;
				ASSETCATALOG_COMPILER_GENERATE_SWIFT_ASSET_SYMBOL_EXTENSIONS = YES;
				CLANG_ANALYZER_NONNULL = YES;
				CLANG_ANALYZER_NUMBER_OBJECT_CONVERSION = YES_AGGRESSIVE;
				CLANG_CXX_LANGUAGE_STANDARD = "gnu++20";
				CLANG_ENABLE_MODULES = YES;
				CLANG_ENABLE_OBJC_ARC = YES;
				CLANG_ENABLE_OBJC_WEAK = YES;
				CLANG_WARN_BLOCK_CAPTURE_AUTORELEASING = YES;
				CLANG_WARN_BOOL_CONVERSION = YES;
				CLANG_WARN_COMMA = YES;
				CLANG_WARN_CONSTANT_CONVERSION = YES;
				CLANG_WARN_DEPRECATED_OBJC_IMPLEMENTATIONS = YES;
				CLANG_WARN_DIRECT_OBJC_ISA_USAGE = YES_ERROR;
				CLANG_WARN_DOCUMENTATION_COMMENTS = YES;
				CLANG_WARN_EMPTY_BODY = YES;
				CLANG_WARN_ENUM_CONVERSION = YES;
				CLANG_WARN_INFINITE_RECURSION = YES;
				CLANG_WARN_INT_CONVERSION = YES;
				CLANG_WARN_NON_LITERAL_NULL_CONVERSION = YES;
				CLANG_WARN_OBJC_IMPLICIT_RETAIN_SELF = YES;
				CLANG_WARN_OBJC_LITERAL_CONVERSION = YES;
				CLANG_WARN_OBJC_ROOT_CLASS = YES_ERROR;
				CLANG_WARN_QUOTED_INCLUDE_IN_FRAMEWORK_HEADER = YES;
				CLANG_WARN_RANGE_LOOP_ANALYSIS = YES;
				CLANG_WARN_STRICT_PROTOTYPES = YES;
				CLANG_WARN_SUSPICIOUS_MOVE = YES;
				CLANG_WARN_UNGUARDED_AVAILABILITY = YES_AGGRESSIVE;
				CLANG_WARN_UNREACHABLE_CODE = YES;
				CLANG_WARN__DUPLICATE_METHOD_MATCH = YES;
				COPY_PHASE_STRIP = NO;
				DEBUG_INFORMATION_FORMAT = dwarf;
				ENABLE_STRICT_OBJC_MSGSEND = YES;
				ENABLE_TESTABILITY = YES;
				ENABLE_USER_SCRIPT_SANDBOXING = YES;
				GCC_C_LANGUAGE_STANDARD = gnu17;
				GCC_DYNAMIC_NO_PIC = NO;
				GCC_NO_COMMON_BLOCKS = YES;
				GCC_OPTIMIZATION_LEVEL = 0;
				GCC_PREPROCESSOR_DEFINITIONS = (
					"DEBUG=1",
					"$(inherited)",
				);
				GCC_WARN_64_TO_32_BIT_CONVERSION = YES;
				GCC_WARN_ABOUT_RETURN_TYPE = YES_ERROR;
				GCC_WARN_UNDECLARED_SELECTOR = YES;
				GCC_WARN_UNINITIALIZED_AUTOS = YES_AGGRESSIVE;
				GCC_WARN_UNUSED_FUNCTION = YES;
				GCC_WARN_UNUSED_VARIABLE = YES;
				IPHONEOS_DEPLOYMENT_TARGET = 17.2;
				LOCALIZATION_PREFERS_STRING_CATALOGS = YES;
				MTL_ENABLE_DEBUG_INFO = INCLUDE_SOURCE;
				MTL_FAST_MATH = YES;
				ONLY_ACTIVE_ARCH = YES;
				SDKROOT = iphoneos;
				SWIFT_ACTIVE_COMPILATION_CONDITIONS = "DEBUG $(inherited)";
				SWIFT_OPTIMIZATION_LEVEL = "-Onone";
			};
			name = Debug;
		};
		99162A1C2B964D0E000D1648 /* Release */ = {
			isa = XCBuildConfiguration;
			buildSettings = {
				ALWAYS_SEARCH_USER_PATHS = NO;
				ASSETCATALOG_COMPILER_GENERATE_SWIFT_ASSET_SYMBOL_EXTENSIONS = YES;
				CLANG_ANALYZER_NONNULL = YES;
				CLANG_ANALYZER_NUMBER_OBJECT_CONVERSION = YES_AGGRESSIVE;
				CLANG_CXX_LANGUAGE_STANDARD = "gnu++20";
				CLANG_ENABLE_MODULES = YES;
				CLANG_ENABLE_OBJC_ARC = YES;
				CLANG_ENABLE_OBJC_WEAK = YES;
				CLANG_WARN_BLOCK_CAPTURE_AUTORELEASING = YES;
				CLANG_WARN_BOOL_CONVERSION = YES;
				CLANG_WARN_COMMA = YES;
				CLANG_WARN_CONSTANT_CONVERSION = YES;
				CLANG_WARN_DEPRECATED_OBJC_IMPLEMENTATIONS = YES;
				CLANG_WARN_DIRECT_OBJC_ISA_USAGE = YES_ERROR;
				CLANG_WARN_DOCUMENTATION_COMMENTS = YES;
				CLANG_WARN_EMPTY_BODY = YES;
				CLANG_WARN_ENUM_CONVERSION = YES;
				CLANG_WARN_INFINITE_RECURSION = YES;
				CLANG_WARN_INT_CONVERSION = YES;
				CLANG_WARN_NON_LITERAL_NULL_CONVERSION = YES;
				CLANG_WARN_OBJC_IMPLICIT_RETAIN_SELF = YES;
				CLANG_WARN_OBJC_LITERAL_CONVERSION = YES;
				CLANG_WARN_OBJC_ROOT_CLASS = YES_ERROR;
				CLANG_WARN_QUOTED_INCLUDE_IN_FRAMEWORK_HEADER = YES;
				CLANG_WARN_RANGE_LOOP_ANALYSIS = YES;
				CLANG_WARN_STRICT_PROTOTYPES = YES;
				CLANG_WARN_SUSPICIOUS_MOVE = YES;
				CLANG_WARN_UNGUARDED_AVAILABILITY = YES_AGGRESSIVE;
				CLANG_WARN_UNREACHABLE_CODE = YES;
				CLANG_WARN__DUPLICATE_METHOD_MATCH = YES;
				COPY_PHASE_STRIP = NO;
				DEBUG_INFORMATION_FORMAT = "dwarf-with-dsym";
				ENABLE_NS_ASSERTIONS = NO;
				ENABLE_STRICT_OBJC_MSGSEND = YES;
				ENABLE_USER_SCRIPT_SANDBOXING = YES;
				GCC_C_LANGUAGE_STANDARD = gnu17;
				GCC_NO_COMMON_BLOCKS = YES;
				GCC_WARN_64_TO_32_BIT_CONVERSION = YES;
				GCC_WARN_ABOUT_RETURN_TYPE = YES_ERROR;
				GCC_WARN_UNDECLARED_SELECTOR = YES;
				GCC_WARN_UNINITIALIZED_AUTOS = YES_AGGRESSIVE;
				GCC_WARN_UNUSED_FUNCTION = YES;
				GCC_WARN_UNUSED_VARIABLE = YES;
				IPHONEOS_DEPLOYMENT_TARGET = 17.2;
				LOCALIZATION_PREFERS_STRING_CATALOGS = YES;
				MTL_ENABLE_DEBUG_INFO = NO;
				MTL_FAST_MATH = YES;
				SDKROOT = iphoneos;
				SWIFT_COMPILATION_MODE = wholemodule;
				VALIDATE_PRODUCT = YES;
			};
			name = Release;
		};
		99162A1E2B964D0E000D1648 /* Debug */ = {
			isa = XCBuildConfiguration;
			buildSettings = {
				ASSETCATALOG_COMPILER_APPICON_NAME = AppIcon;
				ASSETCATALOG_COMPILER_GLOBAL_ACCENT_COLOR_NAME = AccentColor;
				CODE_SIGN_STYLE = Automatic;
				CURRENT_PROJECT_VERSION = 1;
				DEVELOPMENT_ASSET_PATHS = "\"voiceAction101/Preview Content\"";
				ENABLE_PREVIEWS = YES;
				GENERATE_INFOPLIST_FILE = YES;
				INFOPLIST_FILE = voiceAction101/Info.plist;
				INFOPLIST_KEY_LSApplicationCategoryType = "";
				INFOPLIST_KEY_UIApplicationSceneManifest_Generation = YES;
				INFOPLIST_KEY_UIApplicationSupportsIndirectInputEvents = YES;
				INFOPLIST_KEY_UILaunchScreen_Generation = YES;
				INFOPLIST_KEY_UISupportedInterfaceOrientations_iPad = "UIInterfaceOrientationPortrait UIInterfaceOrientationPortraitUpsideDown UIInterfaceOrientationLandscapeLeft UIInterfaceOrientationLandscapeRight";
				INFOPLIST_KEY_UISupportedInterfaceOrientations_iPhone = "UIInterfaceOrientationPortrait UIInterfaceOrientationLandscapeLeft UIInterfaceOrientationLandscapeRight";
				LD_RUNPATH_SEARCH_PATHS = (
					"$(inherited)",
					"@executable_path/Frameworks",
				);
				MARKETING_VERSION = 1.0;
				PRODUCT_BUNDLE_IDENTIFIER = us.swcsd.toolReview.voiceAction101;
				PRODUCT_NAME = "$(TARGET_NAME)";
				SWIFT_EMIT_LOC_STRINGS = YES;
				SWIFT_VERSION = 5.0;
				TARGETED_DEVICE_FAMILY = "1,2";
			};
			name = Debug;
		};
		99162A1F2B964D0E000D1648 /* Release */ = {
			isa = XCBuildConfiguration;
			buildSettings = {
				ASSETCATALOG_COMPILER_APPICON_NAME = AppIcon;
				ASSETCATALOG_COMPILER_GLOBAL_ACCENT_COLOR_NAME = AccentColor;
				CODE_SIGN_STYLE = Automatic;
				CURRENT_PROJECT_VERSION = 1;
				DEVELOPMENT_ASSET_PATHS = "\"voiceAction101/Preview Content\"";
				ENABLE_PREVIEWS = YES;
				GENERATE_INFOPLIST_FILE = YES;
				INFOPLIST_FILE = voiceAction101/Info.plist;
				INFOPLIST_KEY_LSApplicationCategoryType = "";
				INFOPLIST_KEY_UIApplicationSceneManifest_Generation = YES;
				INFOPLIST_KEY_UIApplicationSupportsIndirectInputEvents = YES;
				INFOPLIST_KEY_UILaunchScreen_Generation = YES;
				INFOPLIST_KEY_UISupportedInterfaceOrientations_iPad = "UIInterfaceOrientationPortrait UIInterfaceOrientationPortraitUpsideDown UIInterfaceOrientationLandscapeLeft UIInterfaceOrientationLandscapeRight";
				INFOPLIST_KEY_UISupportedInterfaceOrientations_iPhone = "UIInterfaceOrientationPortrait UIInterfaceOrientationLandscapeLeft UIInterfaceOrientationLandscapeRight";
				LD_RUNPATH_SEARCH_PATHS = (
					"$(inherited)",
					"@executable_path/Frameworks",
				);
				MARKETING_VERSION = 1.0;
				PRODUCT_BUNDLE_IDENTIFIER = us.swcsd.toolReview.voiceAction101;
				PRODUCT_NAME = "$(TARGET_NAME)";
				SWIFT_EMIT_LOC_STRINGS = YES;
				SWIFT_VERSION = 5.0;
				TARGETED_DEVICE_FAMILY = "1,2";
			};
			name = Release;
		};
/* End XCBuildConfiguration section */

/* Begin XCConfigurationList section */
		99162A0A2B964D0A000D1648 /* Build configuration list for PBXProject "voiceAction101" */ = {
			isa = XCConfigurationList;
			buildConfigurations = (
				99162A1B2B964D0E000D1648 /* Debug */,
				99162A1C2B964D0E000D1648 /* Release */,
			);
			defaultConfigurationIsVisible = 0;
			defaultConfigurationName = Release;
		};
		99162A1D2B964D0E000D1648 /* Build configuration list for PBXNativeTarget "voiceAction101" */ = {
			isa = XCConfigurationList;
			buildConfigurations = (
				99162A1E2B964D0E000D1648 /* Debug */,
				99162A1F2B964D0E000D1648 /* Release */,
			);
			defaultConfigurationIsVisible = 0;
			defaultConfigurationName = Release;
		};
/* End XCConfigurationList section */
	};
	rootObject = 99162A072B964D0A000D1648 /* Project object */;
}
